<?xml version="1.0" encoding="utf-8"?>
<Project ToolsVersion="4.0" xmlns="http://schemas.microsoft.com/developer/msbuild/2003">
  <ItemGroup>
    <Filter Include="Source Files">
      <UniqueIdentifier>{4FC737F1-C7A5-4376-A066-2A32D752A2FF}</UniqueIdentifier>
      <Extensions>cpp;c;cc;cxx;def;odl;idl;hpj;bat;asm;asmx</Extensions>
    </Filter>
    <Filter Include="Header Files">
      <UniqueIdentifier>{93995380-89BD-4b04-88EB-625FBE52EBFB}</UniqueIdentifier>
      <Extensions>h;hh;hpp;hxx;hm;inl;inc;xsd</Extensions>
    </Filter>
    <Filter Include="Resource Files">
      <UniqueIdentifier>{67DA6AB6-F800-4c08-8B7A-83BB121AAD01}</UniqueIdentifier>
      <Extensions>rc;ico;cur;bmp;dlg;rc2;rct;bin;rgs;gif;jpg;jpeg;jpe;resx;tiff;tif;png;wav;mfcribbon-ms</Extensions>
    </Filter>
    <Filter Include="Models">
      <UniqueIdentifier>{f9ece502-01a4-41ab-a0a0-f4e8b4dbce7e}</UniqueIdentifier>
    </Filter>
  </ItemGroup>
  <ItemGroup>
    <None Include="fragmentshader.frag">
      <Filter>Source Files</Filter>
    </None>
    <None Include="vertexshader.vert">
      <Filter>Source Files</Filter>
    </None>
    <None Include="frag_model.frag">
      <Filter>Source Files</Filter>
    </None>
    <None Include="ver_model.vert">
      <Filter>Source Files</Filter>
    </None>
    <None Include="boxcube.off">
      <Filter>Resource Files</Filter>
    </None>
    <None Include="boxtorus.off">
      <Filter>Resource Files</Filter>
    </None>
    <None Include="concave.off">
      <Filter>Resource Files</Filter>
    </None>
    <None Include="cone.off">
      <Filter>Resource Files</Filter>
    </None>
    <None Include="cross.off">
      <Filter>Resource Files</Filter>
    </None>
    <None Include="cube.off">
      <Filter>Resource Files</Filter>
    </None>
    <None Include="cuboctahedron.off">
      <Filter>Resource Files</Filter>
    </None>
    <None Include="dodecahedron.off">
      <Filter>Resource Files</Filter>
    </None>
    <None Include="epcot.off">
      <Filter>Resource Files</Filter>
    </None>
    <None Include="helix2.off">
      <Filter>Resource Files</Filter>
    </None>
    <None Include="icosahedron.off">
      <Filter>Resource Files</Filter>
    </None>
    <None Include="icosidodecahedron.off">
      <Filter>Resource Files</Filter>
    </None>
    <None Include="octahedron.off">
      <Filter>Resource Files</Filter>
    </None>
    <None Include="octtorus.off">
      <Filter>Resource Files</Filter>
    </None>
    <None Include="rhombicosidodecahedron.off">
      <Filter>Resource Files</Filter>
    </None>
    <None Include="rhombicuboctahedron.off">
      <Filter>Resource Files</Filter>
    </None>
    <None Include="rhombitruncated_cubeoctahedron.off">
      <Filter>Resource Files</Filter>
    </None>
    <None Include="rhombitruncated_icosidodecahedron.off">
      <Filter>Resource Files</Filter>
    </None>
    <None Include="snub_cube.off">
      <Filter>Resource Files</Filter>
    </None>
    <None Include="snub_dodecahedron.off">
      <Filter>Resource Files</Filter>
    </None>
    <None Include="sphere2.off">
      <Filter>Resource Files</Filter>
    </None>
    <None Include="tet3d.off">
      <Filter>Resource Files</Filter>
    </None>
    <None Include="tetrahedron.off">
      <Filter>Resource Files</Filter>
    </None>
    <None Include="triangle.off">
      <Filter>Resource Files</Filter>
    </None>
    <None Include="truncated_cube.off">
      <Filter>Resource Files</Filter>
    </None>
    <None Include="truncated_dodecahedron.off">
      <Filter>Resource Files</Filter>
    </None>
    <None Include="truncated_icosahedron.off">
      <Filter>Resource Files</Filter>
    </None>
    <None Include="truncated_octahedron.off">
      <Filter>Resource Files</Filter>
    </None>
    <None Include="truncated_tetrahedron.off">
      <Filter>Resource Files</Filter>
    </None>
    <None Include="cow.off">
      <Filter>Resource Files</Filter>
    </None>
    <None Include="Apple.off">
      <Filter>Resource Files</Filter>
    </None>
    <None Include="asu.off">
      <Filter>Resource Files</Filter>
    </None>
    <None Include="dragon.off">
      <Filter>Resource Files</Filter>
    </None>
    <None Include="goblet.off">
      <Filter>Resource Files</Filter>
    </None>
    <None Include="head.off">
      <Filter>Resource Files</Filter>
    </None>
    <None Include="heart.off">
      <Filter>Resource Files</Filter>
    </None>
    <None Include="helm.off">
      <Filter>Resource Files</Filter>
    </None>
    <None Include="house.off">
      <Filter>Resource Files</Filter>
    </None>
    <None Include="king.off">
      <Filter>Resource Files</Filter>
    </None>
    <None Include="klingon.off">
      <Filter>Resource Files</Filter>
    </None>
    <None Include="mushroom.off">
      <Filter>Resource Files</Filter>
    </None>
    <None Include="pear.off">
      <Filter>Resource Files</Filter>
    </None>
    <None Include="seashell.off">
      <Filter>Resource Files</Filter>
    </None>
    <None Include="space_shuttle.off">
      <Filter>Resource Files</Filter>
    </None>
    <None Include="space_station.off">
      <Filter>Resource Files</Filter>
    </None>
    <None Include="Sword01.off">
      <Filter>Resource Files</Filter>
    </None>
    <None Include="teapot.off">
      <Filter>Resource Files</Filter>
    </None>
    <None Include="volks.off">
      <Filter>Resource Files</Filter>
    </None>
    <None Include="x29_plane.off">
      <Filter>Resource Files</Filter>
    </None>
  </ItemGroup>
  <ItemGroup>
    <ClCompile Include="Source.cpp">
      <Filter>Source Files</Filter>
    </ClCompile>
    <ClCompile Include="off_io.cpp">
      <Filter>Source Files</Filter>
    </ClCompile>
  </ItemGroup>
  <ItemGroup>
    <ClInclude Include="shader.h">
      <Filter>Header Files</Filter>
    </ClInclude>
    <ClInclude Include="common.h">
      <Filter>Header Files</Filter>
    </ClInclude>
    <ClInclude Include="off_io.h">
      <Filter>Header Files</Filter>
    </ClInclude>
    <ClInclude Include="Vector3.h">
      <Filter>Header Files</Filter>
    </ClInclude>
    <ClInclude Include="Vector4.h">
      <Filter>Header Files</Filter>
    </ClInclude>
  </ItemGroup>
</Project>